
Microsoft Visual Studio Solution File, Format Version 12.00
# Visual Studio Version 16
VisualStudioVersion = 16.0.34031.81
MinimumVisualStudioVersion = 10.0.40219.1
Project("{FAE04EC0-301F-11D3-BF4B-00C04F79EFBC}") = "Lab1_9", "Lab1_9\Lab1_9.csproj", "{99B6349D-56B1-4717-A148-B4AF40DDA6B4}"
EndProject
Global
	GlobalSection(SolutionConfigurationPlatforms) = preSolution
		Debug|Any CPU = Debug|Any CPU
		Release|Any CPU = Release|Any CPU
	EndGlobalSection
	GlobalSection(ProjectConfigurationPlatforms) = postSolution
		{99B6349D-56B1-4717-A148-B4AF40DDA6B4}.Debug|Any CPU.ActiveCfg = Debug|Any CPU
		{99B6349D-56B1-4717-A148-B4AF40DDA6B4}.Debug|Any CPU.Build.0 = Debug|Any CPU
		{99B6349D-56B1-4717-A148-B4AF40DDA6B4}.Release|Any CPU.ActiveCfg = Release|Any CPU
		{99B6349D-56B1-4717-A148-B4AF40DDA6B4}.Release|Any CPU.Build.0 = Release|Any CPU
	EndGlobalSection
	GlobalSection(SolutionProperties) = preSolution
		HideSolutionNode = FALSE
	EndGlobalSection
	GlobalSection(ExtensibilityGlobals) = postSolution
		SolutionGuid = {386660C4-7107-49C1-8DDF-5912DA153E55}
	EndGlobalSection
EndGlobal
